lockfileVersion: '9.0'

settings:
  autoInstallPeers: true
  excludeLinksFromLockfile: false

importers:

  .: {}

  packages/backend:
    dependencies:
      '@omnicurve/types':
        specifier: workspace:*
        version: link:../types
      dotenv:
        specifier: ^17.4.2
        version: 17.4.2
      graphql:
        specifier: ^16.14.1
        version: 16.14.1
      graphql-request:
        specifier: ^7.4.0
        version: 7.4.0(graphql@16.14.1)

  packages/frontend:
    dependencies:
      '@omnicurve/types':
        specifier: workspace:*
        version: link:../types

  packages/types: {}

packages:

  '@graphql-typed-document-node/core@3.2.0':
    resolution: {integrity: sha512-mB9oAsNCm9aM3/SOv4YtBMqZbYj10R7dkq8byBqxGY/ncFwhf2oQzMV+LCRlWoDSEBJ3COiR1yeDvMtsoOsuFQ==}
    peerDependencies:
      graphql: ^0.8.0 || ^0.9.0 || ^0.10.0 || ^0.11.0 || ^0.12.0 || ^0.13.0 || ^14.0.0 || ^15.0.0 || ^16.0.0 || ^17.0.0

  dotenv@17.4.2:
    resolution: {integrity: sha512-nI4U3TottKAcAD9LLud4Cb7b2QztQMUEfHbvhTH09bqXTxnSie8WnjPALV/WMCrJZ6UV/qHJ6L03OqO3LcdYZw==}
    engines: {node: '>=12'}

  graphql-request@7.4.0:
    resolution: {integrity: sha512-xfr+zFb/QYbs4l4ty0dltqiXIp07U6sl+tOKAb0t50/EnQek6CVVBLjETXi+FghElytvgaAWtIOt3EV7zLzIAQ==}
    peerDependencies:
      graphql: 14 - 16

  graphql@16.14.1:
    resolution: {integrity: sha512-cQOsSMS/IrDz82PVyRDvf/Q1F/bRbBVjJlh+xYOkI1qw2bWRvWGiWc+m2O0d6l4Bt1fyY+8kzJ8JFWGJqNeDBg==}
    engines: {node: ^12.22.0 || ^14.16.0 || ^16.0.0 || >=17.0.0}

snapshots:

  '@graphql-typed-document-node/core@3.2.0(graphql@16.14.1)':
    dependencies:
      graphql: 16.14.1

  dotenv@17.4.2: {}

  graphql-request@7.4.0(graphql@16.14.1):
    dependencies:
      '@graphql-typed-document-node/core': 3.2.0(graphql@16.14.1)
      graphql: 16.14.1

  graphql@16.14.1: {}
